
Microsoft Visual Studio Solution File, Format Version 12.00
# Visual Studio Version 16
VisualStudioVersion = 16.0.29806.167
MinimumVisualStudioVersion = 10.0.40219.1
Project("{9A19103F-16F7-4668-BE54-9A1E7A4F7556}") = "Basic", "Basic\Basic.csproj", "{E22AB4BD-C9AF-47CA-993F-BF70CE2923A9}"
EndProject
Project("{9A19103F-16F7-4668-BE54-9A1E7A4F7556}") = "IdentityExample", "IdentityExample\IdentityExample.csproj", "{C8639775-D8AE-4671-A772-3C6C7BA3D461}"
EndProject
Project("{2150E333-8FDC-42A3-9474-1A3956D46DE8}") = "basics", "basics", "{A7A52449-E3C3-489A-982A-9854DD7EA119}"
EndProject
Project("{2150E333-8FDC-42A3-9474-1A3956D46DE8}") = "oauth", "oauth", "{EF1C0090-8A30-4A3C-8AEC-7CF33E02B962}"
EndProject
Project("{FAE04EC0-301F-11D3-BF4B-00C04F79EFBC}") = "Server", "Server\Server.csproj", "{330E7B03-5CB0-4C7C-B863-A97CE90450B9}"
EndProject
Project("{FAE04EC0-301F-11D3-BF4B-00C04F79EFBC}") = "Client", "Client\Client.csproj", "{BA901D36-C8AE-4195-BF1D-452B6E3E17B4}"
EndProject
Global
	GlobalSection(SolutionConfigurationPlatforms) = preSolution
		Debug|Any CPU = Debug|Any CPU
		Release|Any CPU = Release|Any CPU
	EndGlobalSection
	GlobalSection(ProjectConfigurationPlatforms) = postSolution
		{E22AB4BD-C9AF-47CA-993F-BF70CE2923A9}.Debug|Any CPU.ActiveCfg = Debug|Any CPU
		{E22AB4BD-C9AF-47CA-993F-BF70CE2923A9}.Debug|Any CPU.Build.0 = Debug|Any CPU
		{E22AB4BD-C9AF-47CA-993F-BF70CE2923A9}.Release|Any CPU.ActiveCfg = Release|Any CPU
		{E22AB4BD-C9AF-47CA-993F-BF70CE2923A9}.Release|Any CPU.Build.0 = Release|Any CPU
		{C8639775-D8AE-4671-A772-3C6C7BA3D461}.Debug|Any CPU.ActiveCfg = Debug|Any CPU
		{C8639775-D8AE-4671-A772-3C6C7BA3D461}.Debug|Any CPU.Build.0 = Debug|Any CPU
		{C8639775-D8AE-4671-A772-3C6C7BA3D461}.Release|Any CPU.ActiveCfg = Release|Any CPU
		{C8639775-D8AE-4671-A772-3C6C7BA3D461}.Release|Any CPU.Build.0 = Release|Any CPU
		{330E7B03-5CB0-4C7C-B863-A97CE90450B9}.Debug|Any CPU.ActiveCfg = Debug|Any CPU
		{330E7B03-5CB0-4C7C-B863-A97CE90450B9}.Debug|Any CPU.Build.0 = Debug|Any CPU
		{330E7B03-5CB0-4C7C-B863-A97CE90450B9}.Release|Any CPU.ActiveCfg = Release|Any CPU
		{330E7B03-5CB0-4C7C-B863-A97CE90450B9}.Release|Any CPU.Build.0 = Release|Any CPU
		{BA901D36-C8AE-4195-BF1D-452B6E3E17B4}.Debug|Any CPU.ActiveCfg = Debug|Any CPU
		{BA901D36-C8AE-4195-BF1D-452B6E3E17B4}.Debug|Any CPU.Build.0 = Debug|Any CPU
		{BA901D36-C8AE-4195-BF1D-452B6E3E17B4}.Release|Any CPU.ActiveCfg = Release|Any CPU
		{BA901D36-C8AE-4195-BF1D-452B6E3E17B4}.Release|Any CPU.Build.0 = Release|Any CPU
	EndGlobalSection
	GlobalSection(SolutionProperties) = preSolution
		HideSolutionNode = FALSE
	EndGlobalSection
	GlobalSection(NestedProjects) = preSolution
		{E22AB4BD-C9AF-47CA-993F-BF70CE2923A9} = {A7A52449-E3C3-489A-982A-9854DD7EA119}
		{C8639775-D8AE-4671-A772-3C6C7BA3D461} = {A7A52449-E3C3-489A-982A-9854DD7EA119}
		{330E7B03-5CB0-4C7C-B863-A97CE90450B9} = {EF1C0090-8A30-4A3C-8AEC-7CF33E02B962}
		{BA901D36-C8AE-4195-BF1D-452B6E3E17B4} = {EF1C0090-8A30-4A3C-8AEC-7CF33E02B962}
	EndGlobalSection
	GlobalSection(ExtensibilityGlobals) = postSolution
		SolutionGuid = {C4DA362D-4078-43F6-8D31-8325621394EC}
	EndGlobalSection
EndGlobal
